
Microsoft Visual Studio Solution File, Format Version 12.00
# Visual Studio 15
VisualStudioVersion = 15.0.28307.757
MinimumVisualStudioVersion = 10.0.40219.1
Project("{8BC9CEB8-8B4A-11D0-8D11-00A0C91BC942}") = "02_DataType", "02_DataType.vcxproj", "{0C412413-9465-42C1-A67B-F69313B172DB}"
EndProject
Global
	GlobalSection(SolutionConfigurationPlatforms) = preSolution
		Debug|x64 = Debug|x64
		Debug|x86 = Debug|x86
		Release|x64 = Release|x64
		Release|x86 = Release|x86
	EndGlobalSection
	GlobalSection(ProjectConfigurationPlatforms) = postSolution
		{0C412413-9465-42C1-A67B-F69313B172DB}.Debug|x64.ActiveCfg = Debug|x64
		{0C412413-9465-42C1-A67B-F69313B172DB}.Debug|x64.Build.0 = Debug|x64
		{0C412413-9465-42C1-A67B-F69313B172DB}.Debug|x86.ActiveCfg = Debug|Win32
		{0C412413-9465-42C1-A67B-F69313B172DB}.Debug|x86.Build.0 = Debug|Win32
		{0C412413-9465-42C1-A67B-F69313B172DB}.Release|x64.ActiveCfg = Release|x64
		{0C412413-9465-42C1-A67B-F69313B172DB}.Release|x64.Build.0 = Release|x64
		{0C412413-9465-42C1-A67B-F69313B172DB}.Release|x86.ActiveCfg = Release|Win32
		{0C412413-9465-42C1-A67B-F69313B172DB}.Release|x86.Build.0 = Release|Win32
	EndGlobalSection
	GlobalSection(SolutionProperties) = preSolution
		HideSolutionNode = FALSE
	EndGlobalSection
	GlobalSection(ExtensibilityGlobals) = postSolution
		SolutionGuid = {0F3DCD46-8866-4595-87E6-653C42FA932F}
	EndGlobalSection
EndGlobal
